
Microsoft Visual Studio Solution File, Format Version 12.00
# Visual Studio Version 17
VisualStudioVersion = 17.14.36518.9
MinimumVisualStudioVersion = 10.0.40219.1
Project("{FAE04EC0-301F-11D3-BF4B-00C04F79EFBC}") = "Cerberus", "Cerberus\Cerberus.csproj", "{76919705-CFCD-4112-988F-7B5631718C5B}"
EndProject
Project("{FAE04EC0-301F-11D3-BF4B-00C04F79EFBC}") = "Cerberus.Tests", "Cerberus.Tests\Cerberus.Tests.csproj", "{B3B40A0C-D719-8328-51CB-8F4CD8D2DF30}"
EndProject
Global
	GlobalSection(SolutionConfigurationPlatforms) = preSolution
		Debug|Any CPU = Debug|Any CPU
		Release|Any CPU = Release|Any CPU
	EndGlobalSection
	GlobalSection(ProjectConfigurationPlatforms) = postSolution
		{76919705-CFCD-4112-988F-7B5631718C5B}.Debug|Any CPU.ActiveCfg = Debug|Any CPU
		{76919705-CFCD-4112-988F-7B5631718C5B}.Debug|Any CPU.Build.0 = Debug|Any CPU
		{76919705-CFCD-4112-988F-7B5631718C5B}.Release|Any CPU.ActiveCfg = Release|Any CPU
		{76919705-CFCD-4112-988F-7B5631718C5B}.Release|Any CPU.Build.0 = Release|Any CPU
		{B3B40A0C-D719-8328-51CB-8F4CD8D2DF30}.Debug|Any CPU.ActiveCfg = Debug|Any CPU
		{B3B40A0C-D719-8328-51CB-8F4CD8D2DF30}.Debug|Any CPU.Build.0 = Debug|Any CPU
		{B3B40A0C-D719-8328-51CB-8F4CD8D2DF30}.Release|Any CPU.ActiveCfg = Release|Any CPU
		{B3B40A0C-D719-8328-51CB-8F4CD8D2DF30}.Release|Any CPU.Build.0 = Release|Any CPU
	EndGlobalSection
	GlobalSection(SolutionProperties) = preSolution
		HideSolutionNode = FALSE
	EndGlobalSection
	GlobalSection(ExtensibilityGlobals) = postSolution
		SolutionGuid = {028882B8-64EB-4EEA-BD4A-9D8BAFDA0E98}
	EndGlobalSection
EndGlobal
